{
  "schema": 1,
  "repository": "https://github.com/NodePassProject/Nowhere",
  "version": "2.1.0",
  "commit": "568031335b72a925e4904f15f8e39053ffc32866",
  "protocol_sha256": "8a2ae8e8e7ae42fa8b74fab5317039c6932f57eb47f601b406b17195a8f65fc0",
  "vector_tree_hash_algorithm": "sha256-tree-v1",
  "vector_tree_sha256": "3893637a5cdd7d3b46885b9e712d2d9beb29ddafaf8a6f554084358b3fb1f135"
}
