{
  "schema": 1,
  "repository": "https://github.com/NodePassProject/Nowhere",
  "version": "2.2.1",
  "commit": "0000696910dc9ee56c3ec87995a0b1ca8e4fc11b",
  "protocol_sha256": "cc399b083a9eb3d36ee69bd4331470e73255f1a10a9068735db8187bb5b4b879",
  "vector_tree_hash_algorithm": "sha256-tree-v1",
  "vector_tree_sha256": "25ba2152cd4480788853ad9b4f1f4d73e1daf6addebc0cb07696da5e40a48415"
}
